
Microsoft Visual Studio Solution File, Format Version 12.00
# Visual Studio Version 17
VisualStudioVersion = 17.11.35327.3
MinimumVisualStudioVersion = 10.0.40219.1
Project("{FAE04EC0-301F-11D3-BF4B-00C04F79EFBC}") = "ETLDatawarehouse", "ETLDatawarehouse\ETLDatawarehouse.csproj", "{81901DF5-5369-4CF9-AACF-44E00EDC9FC4}"
EndProject
Project("{2150E333-8FDC-42A3-9474-1A3956D46DE8}") = "Entities", "Entities", "{6EEDE3EF-CB0C-49D1-9B13-EEFBC6335793}"
EndProject
Project("{2150E333-8FDC-42A3-9474-1A3956D46DE8}") = "DWH", "DWH", "{9531C405-6B66-4E55-8375-3BE931E7F89D}"
	ProjectSection(SolutionItems) = preProject
		DimCustomer.cs = DimCustomer.cs
		DimCategory.cs = DimCategory.cs
		DimEmployee.cs = DimEmployee.cs
		DimProduct.cs = DimProduct.cs
		DimShipper.cs = DimShipper.cs
		DimSupplier.cs = DimSupplier.cs
	EndProjectSection
EndProject
Project("{2150E333-8FDC-42A3-9474-1A3956D46DE8}") = "Northwind", "Northwind", "{5419605D-628E-4FCA-A189-4E0BBEDF82A1}"
	ProjectSection(SolutionItems) = preProject
		Category.cs = Category.cs
		Customer.cs = Customer.cs
		Employee.cs = Employee.cs
		Product.cs = Product.cs
		Shipper.cs = Shipper.cs
		Supplier.cs = Supplier.cs
	EndProjectSection
EndProject
Global
	GlobalSection(SolutionConfigurationPlatforms) = preSolution
		Debug|Any CPU = Debug|Any CPU
		Release|Any CPU = Release|Any CPU
	EndGlobalSection
	GlobalSection(ProjectConfigurationPlatforms) = postSolution
		{81901DF5-5369-4CF9-AACF-44E00EDC9FC4}.Debug|Any CPU.ActiveCfg = Debug|Any CPU
		{81901DF5-5369-4CF9-AACF-44E00EDC9FC4}.Debug|Any CPU.Build.0 = Debug|Any CPU
		{81901DF5-5369-4CF9-AACF-44E00EDC9FC4}.Release|Any CPU.ActiveCfg = Release|Any CPU
		{81901DF5-5369-4CF9-AACF-44E00EDC9FC4}.Release|Any CPU.Build.0 = Release|Any CPU
	EndGlobalSection
	GlobalSection(SolutionProperties) = preSolution
		HideSolutionNode = FALSE
	EndGlobalSection
	GlobalSection(NestedProjects) = preSolution
		{9531C405-6B66-4E55-8375-3BE931E7F89D} = {6EEDE3EF-CB0C-49D1-9B13-EEFBC6335793}
		{5419605D-628E-4FCA-A189-4E0BBEDF82A1} = {6EEDE3EF-CB0C-49D1-9B13-EEFBC6335793}
	EndGlobalSection
	GlobalSection(ExtensibilityGlobals) = postSolution
		SolutionGuid = {C274014D-7075-4622-B619-EFBAF8B6EC39}
	EndGlobalSection
EndGlobal
